<?xml version="1.0" encoding="utf-8"?>
<Project ToolsVersion="4.0" xmlns="http://schemas.microsoft.com/developer/msbuild/2003">
  <ItemGroup>
    <Filter Include="Source Files">
      <UniqueIdentifier>{4FC737F1-C7A5-4376-A066-2A32D752A2FF}</UniqueIdentifier>
      <Extensions>cpp;c;cc;cxx;def;odl;idl;hpj;bat;asm;asmx</Extensions>
    </Filter>
    <Filter Include="Resource Files">
      <UniqueIdentifier>{67DA6AB6-F800-4c08-8B7A-83BB121AAD01}</UniqueIdentifier>
      <Extensions>rc;ico;cur;bmp;dlg;rc2;rct;bin;rgs;gif;jpg;jpeg;jpe;resx;tiff;tif;png;wav;mfcribbon-ms</Extensions>
    </Filter>
    <Filter Include="Source Files\Externals">
      <UniqueIdentifier>{05cba2b1-52b3-405c-9866-b29fae8fd3fd}</UniqueIdentifier>
    </Filter>
    <Filter Include="Source Files\GameLogicFiles">
      <UniqueIdentifier>{f04d3542-1403-4c28-84ca-1d21f70fa6b6}</UniqueIdentifier>
    </Filter>
    <Filter Include="Source Files\GameLogicFiles\Unit States">
      <UniqueIdentifier>{44dfbcae-a007-47bf-a577-b7fe18fec0cd}</UniqueIdentifier>
    </Filter>
    <Filter Include="Source Files\GameLogicFiles\Unit clases">
      <UniqueIdentifier>{f6f1052d-45f9-4d68-9bab-f425225873d0}</UniqueIdentifier>
    </Filter>
  </ItemGroup>
  <ItemGroup>
    <ClCompile Include="Source\Externals\imgui.cpp">
      <Filter>Source Files\Externals</Filter>
    </ClCompile>
    <ClCompile Include="Source\Externals\imgui_demo.cpp">
      <Filter>Source Files\Externals</Filter>
    </ClCompile>
    <ClCompile Include="Source\Externals\imgui_draw.cpp">
      <Filter>Source Files\Externals</Filter>
    </ClCompile>
    <ClCompile Include="Source\Externals\imgui-SFML.cpp">
      <Filter>Source Files\Externals</Filter>
    </ClCompile>
    <ClCompile Include="Source\RTSUnitType.cpp">
      <Filter>Source Files</Filter>
    </ClCompile>
    <ClCompile Include="Source\main.cpp">
      <Filter>Source Files</Filter>
    </ClCompile>
    <ClCompile Include="Source\RTSApplication.cpp">
      <Filter>Source Files</Filter>
    </ClCompile>
    <ClCompile Include="Source\RTSConfig.cpp">
      <Filter>Source Files</Filter>
    </ClCompile>
    <ClCompile Include="Source\RTSTexture.cpp">
      <Filter>Source Files</Filter>
    </ClCompile>
    <ClCompile Include="Source\RTSTiledMap.cpp">
      <Filter>Source Files</Filter>
    </ClCompile>
    <ClCompile Include="Source\RTSWorld.cpp">
      <Filter>Source Files</Filter>
    </ClCompile>
    <ClCompile Include="Source\BuildingState.cpp">
      <Filter>Source Files\GameLogicFiles\Unit States</Filter>
    </ClCompile>
    <ClCompile Include="Source\DeadState.cpp">
      <Filter>Source Files\GameLogicFiles\Unit States</Filter>
    </ClCompile>
    <ClCompile Include="Source\EscapeState.cpp">
      <Filter>Source Files\GameLogicFiles\Unit States</Filter>
    </ClCompile>
    <ClCompile Include="Source\FightingState.cpp">
      <Filter>Source Files\GameLogicFiles\Unit States</Filter>
    </ClCompile>
    <ClCompile Include="Source\GatheringState.cpp">
      <Filter>Source Files\GameLogicFiles\Unit States</Filter>
    </ClCompile>
    <ClCompile Include="Source\MovingState.cpp">
      <Filter>Source Files\GameLogicFiles\Unit States</Filter>
    </ClCompile>
    <ClCompile Include="Source\UnitState.cpp">
      <Filter>Source Files\GameLogicFiles\Unit States</Filter>
    </ClCompile>
    <ClCompile Include="Source\GameObject.cpp">
      <Filter>Source Files\GameLogicFiles\Unit clases</Filter>
    </ClCompile>
    <ClCompile Include="Source\Unit.cpp">
      <Filter>Source Files\GameLogicFiles\Unit clases</Filter>
    </ClCompile>
    <ClCompile Include="Source\UnitType.cpp">
      <Filter>Source Files\GameLogicFiles\Unit clases</Filter>
    </ClCompile>
  </ItemGroup>
  <ItemGroup>
    <ClInclude Include="Include\RTSUnitType.h">
      <Filter>Source Files</Filter>
    </ClInclude>
    <ClInclude Include="Include\RTSApplication.h">
      <Filter>Source Files</Filter>
    </ClInclude>
    <ClInclude Include="Include\RTSConfig.h">
      <Filter>Source Files</Filter>
    </ClInclude>
    <ClInclude Include="Include\RTSTexture.h">
      <Filter>Source Files</Filter>
    </ClInclude>
    <ClInclude Include="Include\RTSTiledMap.h">
      <Filter>Source Files</Filter>
    </ClInclude>
    <ClInclude Include="Include\RTSWorld.h">
      <Filter>Source Files</Filter>
    </ClInclude>
    <ClInclude Include="Include\BuildingState.h">
      <Filter>Source Files\GameLogicFiles\Unit States</Filter>
    </ClInclude>
    <ClInclude Include="Include\DeadState.h">
      <Filter>Source Files\GameLogicFiles\Unit States</Filter>
    </ClInclude>
    <ClInclude Include="Include\EscapeState.h">
      <Filter>Source Files\GameLogicFiles\Unit States</Filter>
    </ClInclude>
    <ClInclude Include="Include\FightingState.h">
      <Filter>Source Files\GameLogicFiles\Unit States</Filter>
    </ClInclude>
    <ClInclude Include="Include\GatheringState.h">
      <Filter>Source Files\GameLogicFiles\Unit States</Filter>
    </ClInclude>
    <ClInclude Include="Include\IdleState.h">
      <Filter>Source Files\GameLogicFiles\Unit States</Filter>
    </ClInclude>
    <ClInclude Include="Include\MovingState.h">
      <Filter>Source Files\GameLogicFiles\Unit States</Filter>
    </ClInclude>
    <ClInclude Include="Include\UnitState.h">
      <Filter>Source Files\GameLogicFiles\Unit States</Filter>
    </ClInclude>
    <ClInclude Include="Include\GameObject.h">
      <Filter>Source Files\GameLogicFiles\Unit clases</Filter>
    </ClInclude>
    <ClInclude Include="Include\Unit.h">
      <Filter>Source Files\GameLogicFiles\Unit clases</Filter>
    </ClInclude>
    <ClInclude Include="Include\UnitType.h">
      <Filter>Source Files\GameLogicFiles\Unit clases</Filter>
    </ClInclude>
  </ItemGroup>
</Project>